
Microsoft Visual Studio Solution File, Format Version 12.00
# Visual Studio Version 16
VisualStudioVersion = 16.0.29613.14
MinimumVisualStudioVersion = 10.0.40219.1
Project("{FAE04EC0-301F-11D3-BF4B-00C04F79EFBC}") = "BlazorAppSegundapractica20febrero", "BlazorAppSegundapractica20febrero.csproj", "{B989177F-16AE-4B08-B1D1-E173B9AA4226}"
EndProject
Global
	GlobalSection(SolutionConfigurationPlatforms) = preSolution
		Debug|Any CPU = Debug|Any CPU
		Release|Any CPU = Release|Any CPU
	EndGlobalSection
	GlobalSection(ProjectConfigurationPlatforms) = postSolution
		{B989177F-16AE-4B08-B1D1-E173B9AA4226}.Debug|Any CPU.ActiveCfg = Debug|Any CPU
		{B989177F-16AE-4B08-B1D1-E173B9AA4226}.Debug|Any CPU.Build.0 = Debug|Any CPU
		{B989177F-16AE-4B08-B1D1-E173B9AA4226}.Release|Any CPU.ActiveCfg = Release|Any CPU
		{B989177F-16AE-4B08-B1D1-E173B9AA4226}.Release|Any CPU.Build.0 = Release|Any CPU
	EndGlobalSection
	GlobalSection(SolutionProperties) = preSolution
		HideSolutionNode = FALSE
	EndGlobalSection
	GlobalSection(ExtensibilityGlobals) = postSolution
		SolutionGuid = {D19C9C52-E1AC-44BE-A22C-41C6F7A6065D}
	EndGlobalSection
EndGlobal
